// !$*UTF8*$!
{
	archiveVersion = 1;
	classes = {
	};
	objectVersion = 55;
	objects = {

/* Begin PBXBuildFile section */
		981C5E3D279B70FF00FAF570 /* AppDelegate.swift in Sources */ = {isa = PBXBuildFile; fileRef = 981C5E3C279B70FF00FAF570 /* AppDelegate.swift */; };
		981C5E46279B710100FAF570 /* Assets.xcassets in Resources */ = {isa = PBXBuildFile; fileRef = 981C5E45279B710100FAF570 /* Assets.xcassets */; };
		981C5E49279B710100FAF570 /* LaunchScreen.storyboard in Resources */ = {isa = PBXBuildFile; fileRef = 981C5E47279B710100FAF570 /* LaunchScreen.storyboard */; };
		981C5E76279B750800FAF570 /* TeaCoinAPI.framework in Frameworks */ = {isa = PBXBuildFile; fileRef = 981C5E75279B750800FAF570 /* TeaCoinAPI.framework */; };
		981C5E77279B750800FAF570 /* TeaCoinAPI.framework in Embed Frameworks */ = {isa = PBXBuildFile; fileRef = 981C5E75279B750800FAF570 /* TeaCoinAPI.framework */; settings = {ATTRIBUTES = (CodeSignOnCopy, RemoveHeadersOnCopy, ); }; };
		98FF182C279E2516002C4EAB /* CoinListContracts.swift in Sources */ = {isa = PBXBuildFile; fileRef = 98FF182B279E2516002C4EAB /* CoinListContracts.swift */; };
		98FF182E279E2779002C4EAB /* CoinList.storyboard in Resources */ = {isa = PBXBuildFile; fileRef = 98FF182D279E2779002C4EAB /* CoinList.storyboard */; };
		98FF1830279E2871002C4EAB /* CoinListViewController.swift in Sources */ = {isa = PBXBuildFile; fileRef = 98FF182F279E2871002C4EAB /* CoinListViewController.swift */; };
		98FF1832279E82AB002C4EAB /* CoinListCell.swift in Sources */ = {isa = PBXBuildFile; fileRef = 98FF1831279E82AB002C4EAB /* CoinListCell.swift */; };
		98FF1834279E83B0002C4EAB /* AppContainer.swift in Sources */ = {isa = PBXBuildFile; fileRef = 98FF1833279E83B0002C4EAB /* AppContainer.swift */; };
		98FF1837279E8400002C4EAB /* AppRouter.swift in Sources */ = {isa = PBXBuildFile; fileRef = 98FF1836279E8400002C4EAB /* AppRouter.swift */; };
		98FF1839279E8495002C4EAB /* CoinListBuilder.swift in Sources */ = {isa = PBXBuildFile; fileRef = 98FF1838279E8495002C4EAB /* CoinListBuilder.swift */; };
		98FF1841279E8D01002C4EAB /* CoinPresentation.swift in Sources */ = {isa = PBXBuildFile; fileRef = 98FF1840279E8D01002C4EAB /* CoinPresentation.swift */; };
		98FF1844279E8F39002C4EAB /* CoinPresentation+API.swift in Sources */ = {isa = PBXBuildFile; fileRef = 98FF1843279E8F39002C4EAB /* CoinPresentation+API.swift */; };
		98FF1846279E911A002C4EAB /* CoinListViewModel.swift in Sources */ = {isa = PBXBuildFile; fileRef = 98FF1845279E911A002C4EAB /* CoinListViewModel.swift */; };
/* End PBXBuildFile section */

/* Begin PBXCopyFilesBuildPhase section */
		981C5E78279B750800FAF570 /* Embed Frameworks */ = {
			isa = PBXCopyFilesBuildPhase;
			buildActionMask = 2147483647;
			dstPath = "";
			dstSubfolderSpec = 10;
			files = (
				981C5E77279B750800FAF570 /* TeaCoinAPI.framework in Embed Frameworks */,
			);
			name = "Embed Frameworks";
			runOnlyForDeploymentPostprocessing = 0;
		};
/* End PBXCopyFilesBuildPhase section */

/* Begin PBXFileReference section */
		981C5E39279B70FF00FAF570 /* TeaCoin.app */ = {isa = PBXFileReference; explicitFileType = wrapper.application; includeInIndex = 0; path = TeaCoin.app; sourceTree = BUILT_PRODUCTS_DIR; };
		981C5E3C279B70FF00FAF570 /* AppDelegate.swift */ = {isa = PBXFileReference; lastKnownFileType = sourcecode.swift; path = AppDelegate.swift; sourceTree = "<group>"; };
		981C5E45279B710100FAF570 /* Assets.xcassets */ = {isa = PBXFileReference; lastKnownFileType = folder.assetcatalog; path = Assets.xcassets; sourceTree = "<group>"; };
		981C5E48279B710100FAF570 /* Base */ = {isa = PBXFileReference; lastKnownFileType = file.storyboard; name = Base; path = Base.lproj/LaunchScreen.storyboard; sourceTree = "<group>"; };
		981C5E4A279B710100FAF570 /* Info.plist */ = {isa = PBXFileReference; lastKnownFileType = text.plist.xml; path = Info.plist; sourceTree = "<group>"; };
		981C5E75279B750800FAF570 /* TeaCoinAPI.framework */ = {isa = PBXFileReference; explicitFileType = wrapper.framework; path = TeaCoinAPI.framework; sourceTree = BUILT_PRODUCTS_DIR; };
		98FF182B279E2516002C4EAB /* CoinListContracts.swift */ = {isa = PBXFileReference; lastKnownFileType = sourcecode.swift; path = CoinListContracts.swift; sourceTree = "<group>"; };
		98FF182D279E2779002C4EAB /* CoinList.storyboard */ = {isa = PBXFileReference; lastKnownFileType = file.storyboard; path = CoinList.storyboard; sourceTree = "<group>"; };
		98FF182F279E2871002C4EAB /* CoinListViewController.swift */ = {isa = PBXFileReference; lastKnownFileType = sourcecode.swift; path = CoinListViewController.swift; sourceTree = "<group>"; };
		98FF1831279E82AB002C4EAB /* CoinListCell.swift */ = {isa = PBXFileReference; lastKnownFileType = sourcecode.swift; path = CoinListCell.swift; sourceTree = "<group>"; };
		98FF1833279E83B0002C4EAB /* AppContainer.swift */ = {isa = PBXFileReference; lastKnownFileType = sourcecode.swift; path = AppContainer.swift; sourceTree = "<group>"; };
		98FF1836279E8400002C4EAB /* AppRouter.swift */ = {isa = PBXFileReference; lastKnownFileType = sourcecode.swift; path = AppRouter.swift; sourceTree = "<group>"; };
		98FF1838279E8495002C4EAB /* CoinListBuilder.swift */ = {isa = PBXFileReference; lastKnownFileType = sourcecode.swift; path = CoinListBuilder.swift; sourceTree = "<group>"; };
		98FF1840279E8D01002C4EAB /* CoinPresentation.swift */ = {isa = PBXFileReference; lastKnownFileType = sourcecode.swift; path = CoinPresentation.swift; sourceTree = "<group>"; };
		98FF1843279E8F39002C4EAB /* CoinPresentation+API.swift */ = {isa = PBXFileReference; lastKnownFileType = sourcecode.swift; path = "CoinPresentation+API.swift"; sourceTree = "<group>"; };
		98FF1845279E911A002C4EAB /* CoinListViewModel.swift */ = {isa = PBXFileReference; lastKnownFileType = sourcecode.swift; path = CoinListViewModel.swift; sourceTree = "<group>"; };
/* End PBXFileReference section */

/* Begin PBXFrameworksBuildPhase section */
		981C5E36279B70FF00FAF570 /* Frameworks */ = {
			isa = PBXFrameworksBuildPhase;
			buildActionMask = 2147483647;
			files = (
				981C5E76279B750800FAF570 /* TeaCoinAPI.framework in Frameworks */,
			);
			runOnlyForDeploymentPostprocessing = 0;
		};
/* End PBXFrameworksBuildPhase section */

/* Begin PBXGroup section */
		981C5E30279B70FF00FAF570 = {
			isa = PBXGroup;
			children = (
				98FF183E279E8CE0002C4EAB /* Commons */,
				981C5E3B279B70FF00FAF570 /* TeaCoin */,
				981C5E3A279B70FF00FAF570 /* Products */,
				981C5E74279B750800FAF570 /* Frameworks */,
			);
			sourceTree = "<group>";
		};
		981C5E3A279B70FF00FAF570 /* Products */ = {
			isa = PBXGroup;
			children = (
				981C5E39279B70FF00FAF570 /* TeaCoin.app */,
			);
			name = Products;
			sourceTree = "<group>";
		};
		981C5E3B279B70FF00FAF570 /* TeaCoin */ = {
			isa = PBXGroup;
			children = (
				98FF1828279E206C002C4EAB /* App */,
				98FF1829279E24C2002C4EAB /* Scenes */,
				98FF183C279E8BA5002C4EAB /* Supporting Files */,
				98FF183D279E8BBC002C4EAB /* Resources */,
			);
			path = TeaCoin;
			sourceTree = "<group>";
		};
		981C5E74279B750800FAF570 /* Frameworks */ = {
			isa = PBXGroup;
			children = (
				981C5E75279B750800FAF570 /* TeaCoinAPI.framework */,
			);
			name = Frameworks;
			sourceTree = "<group>";
		};
		98FF1828279E206C002C4EAB /* App */ = {
			isa = PBXGroup;
			children = (
				98FF1835279E83ED002C4EAB /* New Group */,
				981C5E3C279B70FF00FAF570 /* AppDelegate.swift */,
				98FF1833279E83B0002C4EAB /* AppContainer.swift */,
				98FF1836279E8400002C4EAB /* AppRouter.swift */,
			);
			path = App;
			sourceTree = "<group>";
		};
		98FF1829279E24C2002C4EAB /* Scenes */ = {
			isa = PBXGroup;
			children = (
				98FF182A279E24E2002C4EAB /* CoinListPage */,
			);
			path = Scenes;
			sourceTree = "<group>";
		};
		98FF182A279E24E2002C4EAB /* CoinListPage */ = {
			isa = PBXGroup;
			children = (
				98FF182D279E2779002C4EAB /* CoinList.storyboard */,
				98FF182B279E2516002C4EAB /* CoinListContracts.swift */,
				98FF182F279E2871002C4EAB /* CoinListViewController.swift */,
				98FF1831279E82AB002C4EAB /* CoinListCell.swift */,
				98FF1838279E8495002C4EAB /* CoinListBuilder.swift */,
				98FF1845279E911A002C4EAB /* CoinListViewModel.swift */,
			);
			path = CoinListPage;
			sourceTree = "<group>";
		};
		98FF1835279E83ED002C4EAB /* New Group */ = {
			isa = PBXGroup;
			children = (
			);
			path = "New Group";
			sourceTree = "<group>";
		};
		98FF183C279E8BA5002C4EAB /* Supporting Files */ = {
			isa = PBXGroup;
			children = (
				981C5E47279B710100FAF570 /* LaunchScreen.storyboard */,
				981C5E4A279B710100FAF570 /* Info.plist */,
			);
			path = "Supporting Files";
			sourceTree = "<group>";
		};
		98FF183D279E8BBC002C4EAB /* Resources */ = {
			isa = PBXGroup;
			children = (
				981C5E45279B710100FAF570 /* Assets.xcassets */,
			);
			path = Resources;
			sourceTree = "<group>";
		};
		98FF183E279E8CE0002C4EAB /* Commons */ = {
			isa = PBXGroup;
			children = (
				98FF183F279E8CEC002C4EAB /* Presentations */,
			);
			path = Commons;
			sourceTree = "<group>";
		};
		98FF183F279E8CEC002C4EAB /* Presentations */ = {
			isa = PBXGroup;
			children = (
				98FF1842279E8F1E002C4EAB /* Extension */,
				98FF1840279E8D01002C4EAB /* CoinPresentation.swift */,
			);
			path = Presentations;
			sourceTree = "<group>";
		};
		98FF1842279E8F1E002C4EAB /* Extension */ = {
			isa = PBXGroup;
			children = (
				98FF1843279E8F39002C4EAB /* CoinPresentation+API.swift */,
			);
			path = Extension;
			sourceTree = "<group>";
		};
/* End PBXGroup section */

/* Begin PBXNativeTarget section */
		981C5E38279B70FF00FAF570 /* TeaCoin */ = {
			isa = PBXNativeTarget;
			buildConfigurationList = 981C5E4D279B710100FAF570 /* Build configuration list for PBXNativeTarget "TeaCoin" */;
			buildPhases = (
				981C5E35279B70FF00FAF570 /* Sources */,
				981C5E36279B70FF00FAF570 /* Frameworks */,
				981C5E37279B70FF00FAF570 /* Resources */,
				981C5E78279B750800FAF570 /* Embed Frameworks */,
			);
			buildRules = (
			);
			dependencies = (
			);
			name = TeaCoin;
			productName = TeaCoin;
			productReference = 981C5E39279B70FF00FAF570 /* TeaCoin.app */;
			productType = "com.apple.product-type.application";
		};
/* End PBXNativeTarget section */

/* Begin PBXProject section */
		981C5E31279B70FF00FAF570 /* Project object */ = {
			isa = PBXProject;
			attributes = {
				BuildIndependentTargetsInParallel = 1;
				LastSwiftUpdateCheck = 1320;
				LastUpgradeCheck = 1320;
				TargetAttributes = {
					981C5E38279B70FF00FAF570 = {
						CreatedOnToolsVersion = 13.2.1;
					};
				};
			};
			buildConfigurationList = 981C5E34279B70FF00FAF570 /* Build configuration list for PBXProject "TeaCoin" */;
			compatibilityVersion = "Xcode 13.0";
			developmentRegion = en;
			hasScannedForEncodings = 0;
			knownRegions = (
				en,
				Base,
			);
			mainGroup = 981C5E30279B70FF00FAF570;
			productRefGroup = 981C5E3A279B70FF00FAF570 /* Products */;
			projectDirPath = "";
			projectRoot = "";
			targets = (
				981C5E38279B70FF00FAF570 /* TeaCoin */,
			);
		};
/* End PBXProject section */

/* Begin PBXResourcesBuildPhase section */
		981C5E37279B70FF00FAF570 /* Resources */ = {
			isa = PBXResourcesBuildPhase;
			buildActionMask = 2147483647;
			files = (
				981C5E49279B710100FAF570 /* LaunchScreen.storyboard in Resources */,
				981C5E46279B710100FAF570 /* Assets.xcassets in Resources */,
				98FF182E279E2779002C4EAB /* CoinList.storyboard in Resources */,
			);
			runOnlyForDeploymentPostprocessing = 0;
		};
/* End PBXResourcesBuildPhase section */

/* Begin PBXSourcesBuildPhase section */
		981C5E35279B70FF00FAF570 /* Sources */ = {
			isa = PBXSourcesBuildPhase;
			buildActionMask = 2147483647;
			files = (
				98FF1830279E2871002C4EAB /* CoinListViewController.swift in Sources */,
				98FF1839279E8495002C4EAB /* CoinListBuilder.swift in Sources */,
				98FF182C279E2516002C4EAB /* CoinListContracts.swift in Sources */,
				98FF1837279E8400002C4EAB /* AppRouter.swift in Sources */,
				98FF1844279E8F39002C4EAB /* CoinPresentation+API.swift in Sources */,
				98FF1834279E83B0002C4EAB /* AppContainer.swift in Sources */,
				98FF1832279E82AB002C4EAB /* CoinListCell.swift in Sources */,
				98FF1841279E8D01002C4EAB /* CoinPresentation.swift in Sources */,
				981C5E3D279B70FF00FAF570 /* AppDelegate.swift in Sources */,
				98FF1846279E911A002C4EAB /* CoinListViewModel.swift in Sources */,
			);
			runOnlyForDeploymentPostprocessing = 0;
		};
/* End PBXSourcesBuildPhase section */

/* Begin PBXVariantGroup section */
		981C5E47279B710100FAF570 /* LaunchScreen.storyboard */ = {
			isa = PBXVariantGroup;
			children = (
				981C5E48279B710100FAF570 /* Base */,
			);
			name = LaunchScreen.storyboard;
			sourceTree = "<group>";
		};
/* End PBXVariantGroup section */

/* Begin XCBuildConfiguration section */
		981C5E4B279B710100FAF570 /* Debug */ = {
			isa = XCBuildConfiguration;
			buildSettings = {
				ALWAYS_SEARCH_USER_PATHS = NO;
				CLANG_ANALYZER_NONNULL = YES;
				CLANG_ANALYZER_NUMBER_OBJECT_CONVERSION = YES_AGGRESSIVE;
				CLANG_CXX_LANGUAGE_STANDARD = "gnu++17";
				CLANG_CXX_LIBRARY = "libc++";
				CLANG_ENABLE_MODULES = YES;
				CLANG_ENABLE_OBJC_ARC = YES;
				CLANG_ENABLE_OBJC_WEAK = YES;
				CLANG_WARN_BLOCK_CAPTURE_AUTORELEASING = YES;
				CLANG_WARN_BOOL_CONVERSION = YES;
				CLANG_WARN_COMMA = YES;
				CLANG_WARN_CONSTANT_CONVERSION = YES;
				CLANG_WARN_DEPRECATED_OBJC_IMPLEMENTATIONS = YES;
				CLANG_WARN_DIRECT_OBJC_ISA_USAGE = YES_ERROR;
				CLANG_WARN_DOCUMENTATION_COMMENTS = YES;
				CLANG_WARN_EMPTY_BODY = YES;
				CLANG_WARN_ENUM_CONVERSION = YES;
				CLANG_WARN_INFINITE_RECURSION = YES;
				CLANG_WARN_INT_CONVERSION = YES;
				CLANG_WARN_NON_LITERAL_NULL_CONVERSION = YES;
				CLANG_WARN_OBJC_IMPLICIT_RETAIN_SELF = YES;
				CLANG_WARN_OBJC_LITERAL_CONVERSION = YES;
				CLANG_WARN_OBJC_ROOT_CLASS = YES_ERROR;
				CLANG_WARN_QUOTED_INCLUDE_IN_FRAMEWORK_HEADER = YES;
				CLANG_WARN_RANGE_LOOP_ANALYSIS = YES;
				CLANG_WARN_STRICT_PROTOTYPES = YES;
				CLANG_WARN_SUSPICIOUS_MOVE = YES;
				CLANG_WARN_UNGUARDED_AVAILABILITY = YES_AGGRESSIVE;
				CLANG_WARN_UNREACHABLE_CODE = YES;
				CLANG_WARN__DUPLICATE_METHOD_MATCH = YES;
				COPY_PHASE_STRIP = NO;
				DEBUG_INFORMATION_FORMAT = dwarf;
				ENABLE_STRICT_OBJC_MSGSEND = YES;
				ENABLE_TESTABILITY = YES;
				GCC_C_LANGUAGE_STANDARD = gnu11;
				GCC_DYNAMIC_NO_PIC = NO;
				GCC_NO_COMMON_BLOCKS = YES;
				GCC_OPTIMIZATION_LEVEL = 0;
				GCC_PREPROCESSOR_DEFINITIONS = (
					"DEBUG=1",
					"$(inherited)",
				);
				GCC_WARN_64_TO_32_BIT_CONVERSION = YES;
				GCC_WARN_ABOUT_RETURN_TYPE = YES_ERROR;
				GCC_WARN_UNDECLARED_SELECTOR = YES;
				GCC_WARN_UNINITIALIZED_AUTOS = YES_AGGRESSIVE;
				GCC_WARN_UNUSED_FUNCTION = YES;
				GCC_WARN_UNUSED_VARIABLE = YES;
				IPHONEOS_DEPLOYMENT_TARGET = 15.2;
				MTL_ENABLE_DEBUG_INFO = INCLUDE_SOURCE;
				MTL_FAST_MATH = YES;
				ONLY_ACTIVE_ARCH = YES;
				SDKROOT = iphoneos;
				SWIFT_ACTIVE_COMPILATION_CONDITIONS = DEBUG;
				SWIFT_OPTIMIZATION_LEVEL = "-Onone";
			};
			name = Debug;
		};
		981C5E4C279B710100FAF570 /* Release */ = {
			isa = XCBuildConfiguration;
			buildSettings = {
				ALWAYS_SEARCH_USER_PATHS = NO;
				CLANG_ANALYZER_NONNULL = YES;
				CLANG_ANALYZER_NUMBER_OBJECT_CONVERSION = YES_AGGRESSIVE;
				CLANG_CXX_LANGUAGE_STANDARD = "gnu++17";
				CLANG_CXX_LIBRARY = "libc++";
				CLANG_ENABLE_MODULES = YES;
				CLANG_ENABLE_OBJC_ARC = YES;
				CLANG_ENABLE_OBJC_WEAK = YES;
				CLANG_WARN_BLOCK_CAPTURE_AUTORELEASING = YES;
				CLANG_WARN_BOOL_CONVERSION = YES;
				CLANG_WARN_COMMA = YES;
				CLANG_WARN_CONSTANT_CONVERSION = YES;
				CLANG_WARN_DEPRECATED_OBJC_IMPLEMENTATIONS = YES;
				CLANG_WARN_DIRECT_OBJC_ISA_USAGE = YES_ERROR;
				CLANG_WARN_DOCUMENTATION_COMMENTS = YES;
				CLANG_WARN_EMPTY_BODY = YES;
				CLANG_WARN_ENUM_CONVERSION = YES;
				CLANG_WARN_INFINITE_RECURSION = YES;
				CLANG_WARN_INT_CONVERSION = YES;
				CLANG_WARN_NON_LITERAL_NULL_CONVERSION = YES;
				CLANG_WARN_OBJC_IMPLICIT_RETAIN_SELF = YES;
				CLANG_WARN_OBJC_LITERAL_CONVERSION = YES;
				CLANG_WARN_OBJC_ROOT_CLASS = YES_ERROR;
				CLANG_WARN_QUOTED_INCLUDE_IN_FRAMEWORK_HEADER = YES;
				CLANG_WARN_RANGE_LOOP_ANALYSIS = YES;
				CLANG_WARN_STRICT_PROTOTYPES = YES;
				CLANG_WARN_SUSPICIOUS_MOVE = YES;
				CLANG_WARN_UNGUARDED_AVAILABILITY = YES_AGGRESSIVE;
				CLANG_WARN_UNREACHABLE_CODE = YES;
				CLANG_WARN__DUPLICATE_METHOD_MATCH = YES;
				COPY_PHASE_STRIP = NO;
				DEBUG_INFORMATION_FORMAT = "dwarf-with-dsym";
				ENABLE_NS_ASSERTIONS = NO;
				ENABLE_STRICT_OBJC_MSGSEND = YES;
				GCC_C_LANGUAGE_STANDARD = gnu11;
				GCC_NO_COMMON_BLOCKS = YES;
				GCC_WARN_64_TO_32_BIT_CONVERSION = YES;
				GCC_WARN_ABOUT_RETURN_TYPE = YES_ERROR;
				GCC_WARN_UNDECLARED_SELECTOR = YES;
				GCC_WARN_UNINITIALIZED_AUTOS = YES_AGGRESSIVE;
				GCC_WARN_UNUSED_FUNCTION = YES;
				GCC_WARN_UNUSED_VARIABLE = YES;
				IPHONEOS_DEPLOYMENT_TARGET = 15.2;
				MTL_ENABLE_DEBUG_INFO = NO;
				MTL_FAST_MATH = YES;
				SDKROOT = iphoneos;
				SWIFT_COMPILATION_MODE = wholemodule;
				SWIFT_OPTIMIZATION_LEVEL = "-O";
				VALIDATE_PRODUCT = YES;
			};
			name = Release;
		};
		981C5E4E279B710100FAF570 /* Debug */ = {
			isa = XCBuildConfiguration;
			buildSettings = {
				ASSETCATALOG_COMPILER_APPICON_NAME = AppIcon;
				ASSETCATALOG_COMPILER_GLOBAL_ACCENT_COLOR_NAME = AccentColor;
				CODE_SIGN_STYLE = Automatic;
				CURRENT_PROJECT_VERSION = 1;
				DEVELOPMENT_TEAM = 8UJ92BTR5X;
				GENERATE_INFOPLIST_FILE = YES;
				INFOPLIST_FILE = "TeaCoin/Supporting Files/Info.plist";
				INFOPLIST_KEY_UIApplicationSupportsIndirectInputEvents = YES;
				INFOPLIST_KEY_UILaunchStoryboardName = LaunchScreen;
				INFOPLIST_KEY_UISupportedInterfaceOrientations_iPad = "UIInterfaceOrientationPortrait UIInterfaceOrientationPortraitUpsideDown UIInterfaceOrientationLandscapeLeft UIInterfaceOrientationLandscapeRight";
				INFOPLIST_KEY_UISupportedInterfaceOrientations_iPhone = "UIInterfaceOrientationPortrait UIInterfaceOrientationLandscapeLeft UIInterfaceOrientationLandscapeRight";
				LD_RUNPATH_SEARCH_PATHS = (
					"$(inherited)",
					"@executable_path/Frameworks",
				);
				MARKETING_VERSION = 1.0;
				PRODUCT_BUNDLE_IDENTIFIER = com.hasanberkyigit.TeaCoin;
				PRODUCT_NAME = "$(TARGET_NAME)";
				SWIFT_EMIT_LOC_STRINGS = YES;
				SWIFT_VERSION = 5.0;
				TARGETED_DEVICE_FAMILY = "1,2";
			};
			name = Debug;
		};
		981C5E4F279B710100FAF570 /* Release */ = {
			isa = XCBuildConfiguration;
			buildSettings = {
				ASSETCATALOG_COMPILER_APPICON_NAME = AppIcon;
				ASSETCATALOG_COMPILER_GLOBAL_ACCENT_COLOR_NAME = AccentColor;
				CODE_SIGN_STYLE = Automatic;
				CURRENT_PROJECT_VERSION = 1;
				DEVELOPMENT_TEAM = 8UJ92BTR5X;
				GENERATE_INFOPLIST_FILE = YES;
				INFOPLIST_FILE = "TeaCoin/Supporting Files/Info.plist";
				INFOPLIST_KEY_UIApplicationSupportsIndirectInputEvents = YES;
				INFOPLIST_KEY_UILaunchStoryboardName = LaunchScreen;
				INFOPLIST_KEY_UISupportedInterfaceOrientations_iPad = "UIInterfaceOrientationPortrait UIInterfaceOrientationPortraitUpsideDown UIInterfaceOrientationLandscapeLeft UIInterfaceOrientationLandscapeRight";
				INFOPLIST_KEY_UISupportedInterfaceOrientations_iPhone = "UIInterfaceOrientationPortrait UIInterfaceOrientationLandscapeLeft UIInterfaceOrientationLandscapeRight";
				LD_RUNPATH_SEARCH_PATHS = (
					"$(inherited)",
					"@executable_path/Frameworks",
				);
				MARKETING_VERSION = 1.0;
				PRODUCT_BUNDLE_IDENTIFIER = com.hasanberkyigit.TeaCoin;
				PRODUCT_NAME = "$(TARGET_NAME)";
				SWIFT_EMIT_LOC_STRINGS = YES;
				SWIFT_VERSION = 5.0;
				TARGETED_DEVICE_FAMILY = "1,2";
			};
			name = Release;
		};
/* End XCBuildConfiguration section */

/* Begin XCConfigurationList section */
		981C5E34279B70FF00FAF570 /* Build configuration list for PBXProject "TeaCoin" */ = {
			isa = XCConfigurationList;
			buildConfigurations = (
				981C5E4B279B710100FAF570 /* Debug */,
				981C5E4C279B710100FAF570 /* Release */,
			);
			defaultConfigurationIsVisible = 0;
			defaultConfigurationName = Release;
		};
		981C5E4D279B710100FAF570 /* Build configuration list for PBXNativeTarget "TeaCoin" */ = {
			isa = XCConfigurationList;
			buildConfigurations = (
				981C5E4E279B710100FAF570 /* Debug */,
				981C5E4F279B710100FAF570 /* Release */,
			);
			defaultConfigurationIsVisible = 0;
			defaultConfigurationName = Release;
		};
/* End XCConfigurationList section */
	};
	rootObject = 981C5E31279B70FF00FAF570 /* Project object */;
}
